// !$*UTF8*$!
{
	archiveVersion = 1;
	classes = {
	};
	objectVersion = 46;
	objects = {

/* Begin PBXBuildFile section */
		100CF4581E4640EE0076B238 /* GoogleService-Info.plist in Resources */ = {isa = PBXBuildFile; fileRef = 100CF4571E4640EE0076B238 /* GoogleService-Info.plist */; };
		104FA8B51E440B1C003606AF /* FuncionarioCelula.swift in Sources */ = {isa = PBXBuildFile; fileRef = 104FA8B41E440B1C003606AF /* FuncionarioCelula.swift */; };
		104FA8B71E440C39003606AF /* Funcionario.swift in Sources */ = {isa = PBXBuildFile; fileRef = 104FA8B61E440C39003606AF /* Funcionario.swift */; };
		10545D841E43FE8D00A7D617 /* ListaFuncionariosViewController.swift in Sources */ = {isa = PBXBuildFile; fileRef = 10545D831E43FE8D00A7D617 /* ListaFuncionariosViewController.swift */; };
		105FCDA71E42B62000C8730E /* AppDelegate.swift in Sources */ = {isa = PBXBuildFile; fileRef = 105FCDA61E42B62000C8730E /* AppDelegate.swift */; };
		105FCDA91E42B62000C8730E /* CategoriasViewController.swift in Sources */ = {isa = PBXBuildFile; fileRef = 105FCDA81E42B62000C8730E /* CategoriasViewController.swift */; };
		105FCDAC1E42B62000C8730E /* Main.storyboard in Resources */ = {isa = PBXBuildFile; fileRef = 105FCDAA1E42B62000C8730E /* Main.storyboard */; };
		105FCDAE1E42B62000C8730E /* Assets.xcassets in Resources */ = {isa = PBXBuildFile; fileRef = 105FCDAD1E42B62000C8730E /* Assets.xcassets */; };
		105FCDB11E42B62000C8730E /* LaunchScreen.storyboard in Resources */ = {isa = PBXBuildFile; fileRef = 105FCDAF1E42B62000C8730E /* LaunchScreen.storyboard */; };
		10623AA31E474BD800203FC3 /* LoginViewController.swift in Sources */ = {isa = PBXBuildFile; fileRef = 10623AA21E474BD800203FC3 /* LoginViewController.swift */; };
		10B723181E45384000EE36CC /* DetalheFuncionarioViewController.swift in Sources */ = {isa = PBXBuildFile; fileRef = 10B723171E45384000EE36CC /* DetalheFuncionarioViewController.swift */; };
		10B7231A1E454D5300EE36CC /* MailController.swift in Sources */ = {isa = PBXBuildFile; fileRef = 10B723191E454D5300EE36CC /* MailController.swift */; };
		10F398E41E47D1CB007D9971 /* Alert.swift in Sources */ = {isa = PBXBuildFile; fileRef = 10F398E31E47D1CB007D9971 /* Alert.swift */; };
		749113CE7C5BEA4DA5ADA484 /* Pods_FaceMTM.framework in Frameworks */ = {isa = PBXBuildFile; fileRef = C2898B4137022EDA782FA711 /* Pods_FaceMTM.framework */; };
/* End PBXBuildFile section */

/* Begin PBXFileReference section */
		100CF4571E4640EE0076B238 /* GoogleService-Info.plist */ = {isa = PBXFileReference; fileEncoding = 4; lastKnownFileType = text.plist.xml; path = "GoogleService-Info.plist"; sourceTree = "<group>"; };
		104FA8B41E440B1C003606AF /* FuncionarioCelula.swift */ = {isa = PBXFileReference; fileEncoding = 4; lastKnownFileType = sourcecode.swift; path = FuncionarioCelula.swift; sourceTree = "<group>"; };
		104FA8B61E440C39003606AF /* Funcionario.swift */ = {isa = PBXFileReference; fileEncoding = 4; lastKnownFileType = sourcecode.swift; path = Funcionario.swift; sourceTree = "<group>"; };
		10545D831E43FE8D00A7D617 /* ListaFuncionariosViewController.swift */ = {isa = PBXFileReference; fileEncoding = 4; lastKnownFileType = sourcecode.swift; path = ListaFuncionariosViewController.swift; sourceTree = "<group>"; };
		105FCDA31E42B62000C8730E /* FaceMTM.app */ = {isa = PBXFileReference; explicitFileType = wrapper.application; includeInIndex = 0; path = FaceMTM.app; sourceTree = BUILT_PRODUCTS_DIR; };
		105FCDA61E42B62000C8730E /* AppDelegate.swift */ = {isa = PBXFileReference; lastKnownFileType = sourcecode.swift; path = AppDelegate.swift; sourceTree = "<group>"; };
		105FCDA81E42B62000C8730E /* CategoriasViewController.swift */ = {isa = PBXFileReference; lastKnownFileType = sourcecode.swift; path = CategoriasViewController.swift; sourceTree = "<group>"; };
		105FCDAB1E42B62000C8730E /* Base */ = {isa = PBXFileReference; lastKnownFileType = file.storyboard; name = Base; path = Base.lproj/Main.storyboard; sourceTree = "<group>"; };
		105FCDAD1E42B62000C8730E /* Assets.xcassets */ = {isa = PBXFileReference; lastKnownFileType = folder.assetcatalog; path = Assets.xcassets; sourceTree = "<group>"; };
		105FCDB01E42B62000C8730E /* Base */ = {isa = PBXFileReference; lastKnownFileType = file.storyboard; name = Base; path = Base.lproj/LaunchScreen.storyboard; sourceTree = "<group>"; };
		105FCDB21E42B62000C8730E /* Info.plist */ = {isa = PBXFileReference; lastKnownFileType = text.plist.xml; path = Info.plist; sourceTree = "<group>"; };
		10623AA21E474BD800203FC3 /* LoginViewController.swift */ = {isa = PBXFileReference; fileEncoding = 4; lastKnownFileType = sourcecode.swift; path = LoginViewController.swift; sourceTree = "<group>"; };
		10A363451E47ABAD00A19445 /* FaceMTM-Bridging-Header.h */ = {isa = PBXFileReference; lastKnownFileType = sourcecode.c.h; path = "FaceMTM-Bridging-Header.h"; sourceTree = "<group>"; };
		10AF6F521E4795A8009B6988 /* FaceMTM.entitlements */ = {isa = PBXFileReference; lastKnownFileType = text.plist.entitlements; path = FaceMTM.entitlements; sourceTree = "<group>"; };
		10B723171E45384000EE36CC /* DetalheFuncionarioViewController.swift */ = {isa = PBXFileReference; fileEncoding = 4; lastKnownFileType = sourcecode.swift; path = DetalheFuncionarioViewController.swift; sourceTree = "<group>"; };
		10B723191E454D5300EE36CC /* MailController.swift */ = {isa = PBXFileReference; fileEncoding = 4; lastKnownFileType = sourcecode.swift; path = MailController.swift; sourceTree = "<group>"; };
		10F398E31E47D1CB007D9971 /* Alert.swift */ = {isa = PBXFileReference; fileEncoding = 4; lastKnownFileType = sourcecode.swift; path = Alert.swift; sourceTree = "<group>"; };
		72C08C55460BFD4BAF69E1F4 /* Pods-FaceMTM.release.xcconfig */ = {isa = PBXFileReference; includeInIndex = 1; lastKnownFileType = text.xcconfig; name = "Pods-FaceMTM.release.xcconfig"; path = "Pods/Target Support Files/Pods-FaceMTM/Pods-FaceMTM.release.xcconfig"; sourceTree = "<group>"; };
		C2898B4137022EDA782FA711 /* Pods_FaceMTM.framework */ = {isa = PBXFileReference; explicitFileType = wrapper.framework; includeInIndex = 0; path = Pods_FaceMTM.framework; sourceTree = BUILT_PRODUCTS_DIR; };
		DF63C059691A8F79F9202147 /* Pods-FaceMTM.debug.xcconfig */ = {isa = PBXFileReference; includeInIndex = 1; lastKnownFileType = text.xcconfig; name = "Pods-FaceMTM.debug.xcconfig"; path = "Pods/Target Support Files/Pods-FaceMTM/Pods-FaceMTM.debug.xcconfig"; sourceTree = "<group>"; };
/* End PBXFileReference section */

/* Begin PBXFrameworksBuildPhase section */
		105FCDA01E42B62000C8730E /* Frameworks */ = {
			isa = PBXFrameworksBuildPhase;
			buildActionMask = 2147483647;
			files = (
				749113CE7C5BEA4DA5ADA484 /* Pods_FaceMTM.framework in Frameworks */,
			);
			runOnlyForDeploymentPostprocessing = 0;
		};
/* End PBXFrameworksBuildPhase section */

/* Begin PBXGroup section */
		105FCD9A1E42B62000C8730E = {
			isa = PBXGroup;
			children = (
				105FCDA51E42B62000C8730E /* FaceMTM */,
				105FCDA41E42B62000C8730E /* Products */,
				E0BDE6325B3BE551CD9C1BBE /* Pods */,
				A19F6E0D15BBE2FFA5CB9A2D /* Frameworks */,
			);
			sourceTree = "<group>";
		};
		105FCDA41E42B62000C8730E /* Products */ = {
			isa = PBXGroup;
			children = (
				105FCDA31E42B62000C8730E /* FaceMTM.app */,
			);
			name = Products;
			sourceTree = "<group>";
		};
		105FCDA51E42B62000C8730E /* FaceMTM */ = {
			isa = PBXGroup;
			children = (
				10AF6F521E4795A8009B6988 /* FaceMTM.entitlements */,
				104FA8B61E440C39003606AF /* Funcionario.swift */,
				105FCDA61E42B62000C8730E /* AppDelegate.swift */,
				10B723191E454D5300EE36CC /* MailController.swift */,
				10623AA21E474BD800203FC3 /* LoginViewController.swift */,
				105FCDA81E42B62000C8730E /* CategoriasViewController.swift */,
				10545D831E43FE8D00A7D617 /* ListaFuncionariosViewController.swift */,
				10B723171E45384000EE36CC /* DetalheFuncionarioViewController.swift */,
				104FA8B41E440B1C003606AF /* FuncionarioCelula.swift */,
				105FCDAA1E42B62000C8730E /* Main.storyboard */,
				105FCDAD1E42B62000C8730E /* Assets.xcassets */,
				105FCDAF1E42B62000C8730E /* LaunchScreen.storyboard */,
				105FCDB21E42B62000C8730E /* Info.plist */,
				100CF4571E4640EE0076B238 /* GoogleService-Info.plist */,
				10A363451E47ABAD00A19445 /* FaceMTM-Bridging-Header.h */,
				10F398E31E47D1CB007D9971 /* Alert.swift */,
			);
			path = FaceMTM;
			sourceTree = "<group>";
		};
		A19F6E0D15BBE2FFA5CB9A2D /* Frameworks */ = {
			isa = PBXGroup;
			children = (
				C2898B4137022EDA782FA711 /* Pods_FaceMTM.framework */,
			);
			name = Frameworks;
			sourceTree = "<group>";
		};
		E0BDE6325B3BE551CD9C1BBE /* Pods */ = {
			isa = PBXGroup;
			children = (
				DF63C059691A8F79F9202147 /* Pods-FaceMTM.debug.xcconfig */,
				72C08C55460BFD4BAF69E1F4 /* Pods-FaceMTM.release.xcconfig */,
			);
			name = Pods;
			sourceTree = "<group>";
		};
/* End PBXGroup section */

/* Begin PBXNativeTarget section */
		105FCDA21E42B62000C8730E /* FaceMTM */ = {
			isa = PBXNativeTarget;
			buildConfigurationList = 105FCDB51E42B62000C8730E /* Build configuration list for PBXNativeTarget "FaceMTM" */;
			buildPhases = (
				2329A7AF991FD7DD346D7260 /* [CP] Check Pods Manifest.lock */,
				105FCD9F1E42B62000C8730E /* Sources */,
				105FCDA01E42B62000C8730E /* Frameworks */,
				105FCDA11E42B62000C8730E /* Resources */,
				2F27F2164F7ADEEAF5D3BB67 /* [CP] Embed Pods Frameworks */,
				0D61A570C628022DB189AF21 /* [CP] Copy Pods Resources */,
			);
			buildRules = (
			);
			dependencies = (
			);
			name = FaceMTM;
			productName = FaceMTM;
			productReference = 105FCDA31E42B62000C8730E /* FaceMTM.app */;
			productType = "com.apple.product-type.application";
		};
/* End PBXNativeTarget section */

/* Begin PBXProject section */
		105FCD9B1E42B62000C8730E /* Project object */ = {
			isa = PBXProject;
			attributes = {
				LastSwiftUpdateCheck = 0820;
				LastUpgradeCheck = 0820;
				ORGANIZATIONNAME = "Eduardo Lacerda";
				TargetAttributes = {
					105FCDA21E42B62000C8730E = {
						CreatedOnToolsVersion = 8.2.1;
						DevelopmentTeam = 64GUDQRJRU;
						LastSwiftMigration = 0820;
						ProvisioningStyle = Automatic;
						SystemCapabilities = {
							com.apple.Keychain = {
								enabled = 1;
							};
						};
					};
				};
			};
			buildConfigurationList = 105FCD9E1E42B62000C8730E /* Build configuration list for PBXProject "FaceMTM" */;
			compatibilityVersion = "Xcode 3.2";
			developmentRegion = English;
			hasScannedForEncodings = 0;
			knownRegions = (
				en,
				Base,
			);
			mainGroup = 105FCD9A1E42B62000C8730E;
			productRefGroup = 105FCDA41E42B62000C8730E /* Products */;
			projectDirPath = "";
			projectRoot = "";
			targets = (
				105FCDA21E42B62000C8730E /* FaceMTM */,
			);
		};
/* End PBXProject section */

/* Begin PBXResourcesBuildPhase section */
		105FCDA11E42B62000C8730E /* Resources */ = {
			isa = PBXResourcesBuildPhase;
			buildActionMask = 2147483647;
			files = (
				105FCDB11E42B62000C8730E /* LaunchScreen.storyboard in Resources */,
				100CF4581E4640EE0076B238 /* GoogleService-Info.plist in Resources */,
				105FCDAE1E42B62000C8730E /* Assets.xcassets in Resources */,
				105FCDAC1E42B62000C8730E /* Main.storyboard in Resources */,
			);
			runOnlyForDeploymentPostprocessing = 0;
		};
/* End PBXResourcesBuildPhase section */

/* Begin PBXShellScriptBuildPhase section */
		0D61A570C628022DB189AF21 /* [CP] Copy Pods Resources */ = {
			isa = PBXShellScriptBuildPhase;
			buildActionMask = 2147483647;
			files = (
			);
			inputPaths = (
			);
			name = "[CP] Copy Pods Resources";
			outputPaths = (
			);
			runOnlyForDeploymentPostprocessing = 0;
			shellPath = /bin/sh;
			shellScript = "\"${SRCROOT}/Pods/Target Support Files/Pods-FaceMTM/Pods-FaceMTM-resources.sh\"\n";
			showEnvVarsInLog = 0;
		};
		2329A7AF991FD7DD346D7260 /* [CP] Check Pods Manifest.lock */ = {
			isa = PBXShellScriptBuildPhase;
			buildActionMask = 2147483647;
			files = (
			);
			inputPaths = (
			);
			name = "[CP] Check Pods Manifest.lock";
			outputPaths = (
			);
			runOnlyForDeploymentPostprocessing = 0;
			shellPath = /bin/sh;
			shellScript = "diff \"${PODS_ROOT}/../Podfile.lock\" \"${PODS_ROOT}/Manifest.lock\" > /dev/null\nif [ $? != 0 ] ; then\n    # print error to STDERR\n    echo \"error: The sandbox is not in sync with the Podfile.lock. Run 'pod install' or update your CocoaPods installation.\" >&2\n    exit 1\nfi\n";
			showEnvVarsInLog = 0;
		};
		2F27F2164F7ADEEAF5D3BB67 /* [CP] Embed Pods Frameworks */ = {
			isa = PBXShellScriptBuildPhase;
			buildActionMask = 2147483647;
			files = (
			);
			inputPaths = (
			);
			name = "[CP] Embed Pods Frameworks";
			outputPaths = (
			);
			runOnlyForDeploymentPostprocessing = 0;
			shellPath = /bin/sh;
			shellScript = "\"${SRCROOT}/Pods/Target Support Files/Pods-FaceMTM/Pods-FaceMTM-frameworks.sh\"\n";
			showEnvVarsInLog = 0;
		};
/* End PBXShellScriptBuildPhase section */

/* Begin PBXSourcesBuildPhase section */
		105FCD9F1E42B62000C8730E /* Sources */ = {
			isa = PBXSourcesBuildPhase;
			buildActionMask = 2147483647;
			files = (
				10F398E41E47D1CB007D9971 /* Alert.swift in Sources */,
				105FCDA91E42B62000C8730E /* CategoriasViewController.swift in Sources */,
				104FA8B71E440C39003606AF /* Funcionario.swift in Sources */,
				10B7231A1E454D5300EE36CC /* MailController.swift in Sources */,
				104FA8B51E440B1C003606AF /* FuncionarioCelula.swift in Sources */,
				10623AA31E474BD800203FC3 /* LoginViewController.swift in Sources */,
				10545D841E43FE8D00A7D617 /* ListaFuncionariosViewController.swift in Sources */,
				10B723181E45384000EE36CC /* DetalheFuncionarioViewController.swift in Sources */,
				105FCDA71E42B62000C8730E /* AppDelegate.swift in Sources */,
			);
			runOnlyForDeploymentPostprocessing = 0;
		};
/* End PBXSourcesBuildPhase section */

/* Begin PBXVariantGroup section */
		105FCDAA1E42B62000C8730E /* Main.storyboard */ = {
			isa = PBXVariantGroup;
			children = (
				105FCDAB1E42B62000C8730E /* Base */,
			);
			name = Main.storyboard;
			sourceTree = "<group>";
		};
		105FCDAF1E42B62000C8730E /* LaunchScreen.storyboard */ = {
			isa = PBXVariantGroup;
			children = (
				105FCDB01E42B62000C8730E /* Base */,
			);
			name = LaunchScreen.storyboard;
			sourceTree = "<group>";
		};
/* End PBXVariantGroup section */

/* Begin XCBuildConfiguration section */
		105FCDB31E42B62000C8730E /* Debug */ = {
			isa = XCBuildConfiguration;
			buildSettings = {
				ALWAYS_SEARCH_USER_PATHS = NO;
				CLANG_ANALYZER_NONNULL = YES;
				CLANG_CXX_LANGUAGE_STANDARD = "gnu++0x";
				CLANG_CXX_LIBRARY = "libc++";
				CLANG_ENABLE_MODULES = YES;
				CLANG_ENABLE_OBJC_ARC = YES;
				CLANG_WARN_BOOL_CONVERSION = YES;
				CLANG_WARN_CONSTANT_CONVERSION = YES;
				CLANG_WARN_DIRECT_OBJC_ISA_USAGE = YES_ERROR;
				CLANG_WARN_DOCUMENTATION_COMMENTS = YES;
				CLANG_WARN_EMPTY_BODY = YES;
				CLANG_WARN_ENUM_CONVERSION = YES;
				CLANG_WARN_INFINITE_RECURSION = YES;
				CLANG_WARN_INT_CONVERSION = YES;
				CLANG_WARN_OBJC_ROOT_CLASS = YES_ERROR;
				CLANG_WARN_SUSPICIOUS_MOVE = YES;
				CLANG_WARN_UNREACHABLE_CODE = YES;
				CLANG_WARN__DUPLICATE_METHOD_MATCH = YES;
				"CODE_SIGN_IDENTITY[sdk=iphoneos*]" = "iPhone Developer";
				COPY_PHASE_STRIP = NO;
				DEBUG_INFORMATION_FORMAT = dwarf;
				ENABLE_STRICT_OBJC_MSGSEND = YES;
				ENABLE_TESTABILITY = YES;
				GCC_C_LANGUAGE_STANDARD = gnu99;
				GCC_DYNAMIC_NO_PIC = NO;
				GCC_NO_COMMON_BLOCKS = YES;
				GCC_OPTIMIZATION_LEVEL = 0;
				GCC_PREPROCESSOR_DEFINITIONS = (
					"DEBUG=1",
					"$(inherited)",
				);
				GCC_WARN_64_TO_32_BIT_CONVERSION = YES;
				GCC_WARN_ABOUT_RETURN_TYPE = YES_ERROR;
				GCC_WARN_UNDECLARED_SELECTOR = YES;
				GCC_WARN_UNINITIALIZED_AUTOS = YES_AGGRESSIVE;
				GCC_WARN_UNUSED_FUNCTION = YES;
				GCC_WARN_UNUSED_VARIABLE = YES;
				IPHONEOS_DEPLOYMENT_TARGET = 10.2;
				MTL_ENABLE_DEBUG_INFO = YES;
				ONLY_ACTIVE_ARCH = YES;
				SDKROOT = iphoneos;
				SWIFT_ACTIVE_COMPILATION_CONDITIONS = DEBUG;
				SWIFT_OPTIMIZATION_LEVEL = "-Onone";
			};
			name = Debug;
		};
		105FCDB41E42B62000C8730E /* Release */ = {
			isa = XCBuildConfiguration;
			buildSettings = {
				ALWAYS_SEARCH_USER_PATHS = NO;
				CLANG_ANALYZER_NONNULL = YES;
				CLANG_CXX_LANGUAGE_STANDARD = "gnu++0x";
				CLANG_CXX_LIBRARY = "libc++";
				CLANG_ENABLE_MODULES = YES;
				CLANG_ENABLE_OBJC_ARC = YES;
				CLANG_WARN_BOOL_CONVERSION = YES;
				CLANG_WARN_CONSTANT_CONVERSION = YES;
				CLANG_WARN_DIRECT_OBJC_ISA_USAGE = YES_ERROR;
				CLANG_WARN_DOCUMENTATION_COMMENTS = YES;
				CLANG_WARN_EMPTY_BODY = YES;
				CLANG_WARN_ENUM_CONVERSION = YES;
				CLANG_WARN_INFINITE_RECURSION = YES;
				CLANG_WARN_INT_CONVERSION = YES;
				CLANG_WARN_OBJC_ROOT_CLASS = YES_ERROR;
				CLANG_WARN_SUSPICIOUS_MOVE = YES;
				CLANG_WARN_UNREACHABLE_CODE = YES;
				CLANG_WARN__DUPLICATE_METHOD_MATCH = YES;
				"CODE_SIGN_IDENTITY[sdk=iphoneos*]" = "iPhone Developer";
				COPY_PHASE_STRIP = NO;
				DEBUG_INFORMATION_FORMAT = "dwarf-with-dsym";
				ENABLE_NS_ASSERTIONS = NO;
				ENABLE_STRICT_OBJC_MSGSEND = YES;
				GCC_C_LANGUAGE_STANDARD = gnu99;
				GCC_NO_COMMON_BLOCKS = YES;
				GCC_WARN_64_TO_32_BIT_CONVERSION = YES;
				GCC_WARN_ABOUT_RETURN_TYPE = YES_ERROR;
				GCC_WARN_UNDECLARED_SELECTOR = YES;
				GCC_WARN_UNINITIALIZED_AUTOS = YES_AGGRESSIVE;
				GCC_WARN_UNUSED_FUNCTION = YES;
				GCC_WARN_UNUSED_VARIABLE = YES;
				IPHONEOS_DEPLOYMENT_TARGET = 10.2;
				MTL_ENABLE_DEBUG_INFO = NO;
				SDKROOT = iphoneos;
				SWIFT_OPTIMIZATION_LEVEL = "-Owholemodule";
				VALIDATE_PRODUCT = YES;
			};
			name = Release;
		};
		105FCDB61E42B62000C8730E /* Debug */ = {
			isa = XCBuildConfiguration;
			baseConfigurationReference = DF63C059691A8F79F9202147 /* Pods-FaceMTM.debug.xcconfig */;
			buildSettings = {
				ASSETCATALOG_COMPILER_APPICON_NAME = AppIcon;
				CLANG_ENABLE_MODULES = YES;
				CODE_SIGN_ENTITLEMENTS = FaceMTM/FaceMTM.entitlements;
				"CODE_SIGN_IDENTITY[sdk=iphoneos*]" = "iPhone Developer";
				DEVELOPMENT_TEAM = 64GUDQRJRU;
				INFOPLIST_FILE = FaceMTM/Info.plist;
				IPHONEOS_DEPLOYMENT_TARGET = 9.0;
				LD_RUNPATH_SEARCH_PATHS = "$(inherited) @executable_path/Frameworks";
				PRODUCT_BUNDLE_IDENTIFIER = udemy.eduardo.Signos;
				PRODUCT_NAME = "$(TARGET_NAME)";
				PROVISIONING_PROFILE = "";
				PROVISIONING_PROFILE_SPECIFIER = "";
				SWIFT_OBJC_BRIDGING_HEADER = "FaceMTM/FaceMTM-Bridging-Header.h";
				SWIFT_OPTIMIZATION_LEVEL = "-Onone";
				SWIFT_VERSION = 3.0;
			};
			name = Debug;
		};
		105FCDB71E42B62000C8730E /* Release */ = {
			isa = XCBuildConfiguration;
			baseConfigurationReference = 72C08C55460BFD4BAF69E1F4 /* Pods-FaceMTM.release.xcconfig */;
			buildSettings = {
				ASSETCATALOG_COMPILER_APPICON_NAME = AppIcon;
				CLANG_ENABLE_MODULES = YES;
				CODE_SIGN_ENTITLEMENTS = FaceMTM/FaceMTM.entitlements;
				"CODE_SIGN_IDENTITY[sdk=iphoneos*]" = "iPhone Developer";
				DEVELOPMENT_TEAM = 64GUDQRJRU;
				INFOPLIST_FILE = FaceMTM/Info.plist;
				IPHONEOS_DEPLOYMENT_TARGET = 9.0;
				LD_RUNPATH_SEARCH_PATHS = "$(inherited) @executable_path/Frameworks";
				PRODUCT_BUNDLE_IDENTIFIER = udemy.eduardo.Signos;
				PRODUCT_NAME = "$(TARGET_NAME)";
				SWIFT_OBJC_BRIDGING_HEADER = "FaceMTM/FaceMTM-Bridging-Header.h";
				SWIFT_VERSION = 3.0;
			};
			name = Release;
		};
/* End XCBuildConfiguration section */

/* Begin XCConfigurationList section */
		105FCD9E1E42B62000C8730E /* Build configuration list for PBXProject "FaceMTM" */ = {
			isa = XCConfigurationList;
			buildConfigurations = (
				105FCDB31E42B62000C8730E /* Debug */,
				105FCDB41E42B62000C8730E /* Release */,
			);
			defaultConfigurationIsVisible = 0;
			defaultConfigurationName = Release;
		};
		105FCDB51E42B62000C8730E /* Build configuration list for PBXNativeTarget "FaceMTM" */ = {
			isa = XCConfigurationList;
			buildConfigurations = (
				105FCDB61E42B62000C8730E /* Debug */,
				105FCDB71E42B62000C8730E /* Release */,
			);
			defaultConfigurationIsVisible = 0;
			defaultConfigurationName = Release;
		};
/* End XCConfigurationList section */
	};
	rootObject = 105FCD9B1E42B62000C8730E /* Project object */;
}
